
Microsoft Visual Studio Solution File, Format Version 12.00
# Visual Studio Version 17
VisualStudioVersion = 17.8.34309.116
MinimumVisualStudioVersion = 10.0.40219.1
Project("{8BC9CEB8-8B4A-11D0-8D11-00A0C91BC942}") = "Exam", "Exam\Exam.vcxproj", "{0791BB28-1759-45CC-98A7-A16CF5B06D60}"
EndProject
Global
	GlobalSection(SolutionConfigurationPlatforms) = preSolution
		Debug|x64 = Debug|x64
		Debug|x86 = Debug|x86
		Release|x64 = Release|x64
		Release|x86 = Release|x86
	EndGlobalSection
	GlobalSection(ProjectConfigurationPlatforms) = postSolution
		{0791BB28-1759-45CC-98A7-A16CF5B06D60}.Debug|x64.ActiveCfg = Debug|x64
		{0791BB28-1759-45CC-98A7-A16CF5B06D60}.Debug|x64.Build.0 = Debug|x64
		{0791BB28-1759-45CC-98A7-A16CF5B06D60}.Debug|x86.ActiveCfg = Debug|Win32
		{0791BB28-1759-45CC-98A7-A16CF5B06D60}.Debug|x86.Build.0 = Debug|Win32
		{0791BB28-1759-45CC-98A7-A16CF5B06D60}.Release|x64.ActiveCfg = Release|x64
		{0791BB28-1759-45CC-98A7-A16CF5B06D60}.Release|x64.Build.0 = Release|x64
		{0791BB28-1759-45CC-98A7-A16CF5B06D60}.Release|x86.ActiveCfg = Release|Win32
		{0791BB28-1759-45CC-98A7-A16CF5B06D60}.Release|x86.Build.0 = Release|Win32
	EndGlobalSection
	GlobalSection(SolutionProperties) = preSolution
		HideSolutionNode = FALSE
	EndGlobalSection
	GlobalSection(ExtensibilityGlobals) = postSolution
		SolutionGuid = {7C3F5DA2-9E3D-4FC9-AB94-F5254CBF360D}
	EndGlobalSection
EndGlobal
